
Microsoft Visual Studio Solution File, Format Version 12.00
# Visual Studio Version 16
VisualStudioVersion = 16.0.33027.164
MinimumVisualStudioVersion = 10.0.40219.1
Project("{FAE04EC0-301F-11D3-BF4B-00C04F79EFBC}") = "RankAnythingSkeleton", "..\RankAnythingSkeleton\RankAnythingSkeleton\RankAnythingSkeleton.csproj", "{3E354AEE-5A7B-437F-8CC8-84A416749895}"
EndProject
Global
	GlobalSection(SolutionConfigurationPlatforms) = preSolution
		Debug|Any CPU = Debug|Any CPU
		Release|Any CPU = Release|Any CPU
	EndGlobalSection
	GlobalSection(ProjectConfigurationPlatforms) = postSolution
		{3E354AEE-5A7B-437F-8CC8-84A416749895}.Debug|Any CPU.ActiveCfg = Debug|Any CPU
		{3E354AEE-5A7B-437F-8CC8-84A416749895}.Debug|Any CPU.Build.0 = Debug|Any CPU
		{3E354AEE-5A7B-437F-8CC8-84A416749895}.Release|Any CPU.ActiveCfg = Release|Any CPU
		{3E354AEE-5A7B-437F-8CC8-84A416749895}.Release|Any CPU.Build.0 = Release|Any CPU
	EndGlobalSection
	GlobalSection(SolutionProperties) = preSolution
		HideSolutionNode = FALSE
	EndGlobalSection
	GlobalSection(ExtensibilityGlobals) = postSolution
		SolutionGuid = {9BC728A0-2F51-4B35-90E1-44B176AEBEBD}
	EndGlobalSection
EndGlobal
